
Microsoft Visual Studio Solution File, Format Version 12.00
# Visual Studio Version 16
VisualStudioVersion = 16.0.30406.217
MinimumVisualStudioVersion = 10.0.40219.1
Project("{FAE04EC0-301F-11D3-BF4B-00C04F79EFBC}") = "SOTpFinal", "SOTpFinal\SOTpFinal.csproj", "{80E7A382-F6A4-43BD-A528-6F066746B58B}"
EndProject
Global
	GlobalSection(SolutionConfigurationPlatforms) = preSolution
		Debug|Any CPU = Debug|Any CPU
		Release|Any CPU = Release|Any CPU
	EndGlobalSection
	GlobalSection(ProjectConfigurationPlatforms) = postSolution
		{80E7A382-F6A4-43BD-A528-6F066746B58B}.Debug|Any CPU.ActiveCfg = Debug|Any CPU
		{80E7A382-F6A4-43BD-A528-6F066746B58B}.Debug|Any CPU.Build.0 = Debug|Any CPU
		{80E7A382-F6A4-43BD-A528-6F066746B58B}.Release|Any CPU.ActiveCfg = Release|Any CPU
		{80E7A382-F6A4-43BD-A528-6F066746B58B}.Release|Any CPU.Build.0 = Release|Any CPU
	EndGlobalSection
	GlobalSection(SolutionProperties) = preSolution
		HideSolutionNode = FALSE
	EndGlobalSection
	GlobalSection(ExtensibilityGlobals) = postSolution
		SolutionGuid = {D3DC68C2-C38A-45C7-8E83-0CE1A51AE014}
	EndGlobalSection
EndGlobal
